// !$*UTF8*$!
{
	archiveVersion = 1;
	classes = {
	};
	objectVersion = 46;
	objects = {

/* Begin PBXBuildFile section */
		7F0E0331D2F44D4EA1BA0E03 /* libPods.a in Frameworks */ = {isa = PBXBuildFile; fileRef = 2504630EAA5D470FA87ED279 /* libPods.a */; };
		D64061E118D339FE00EA7C73 /* Peer.m in Sources */ = {isa = PBXBuildFile; fileRef = D64061DE18D339FE00EA7C73 /* Peer.m */; };
		D64061E218D339FE00EA7C73 /* PeerHelper.m in Sources */ = {isa = PBXBuildFile; fileRef = D64061E018D339FE00EA7C73 /* PeerHelper.m */; };
		D64061E518D33AA800EA7C73 /* Card.m in Sources */ = {isa = PBXBuildFile; fileRef = D64061E418D33AA800EA7C73 /* Card.m */; };
		D64061E818D33BFD00EA7C73 /* CommsConstants.m in Sources */ = {isa = PBXBuildFile; fileRef = D64061E718D33BFD00EA7C73 /* CommsConstants.m */; };
		D6D85B4B18C8A98F0011AEFF /* SelectorViewController.m in Sources */ = {isa = PBXBuildFile; fileRef = D6D85B4918C8A98F0011AEFF /* SelectorViewController.m */; };
		D6D85B5B18C9F5090011AEFF /* Selector.storyboard in Resources */ = {isa = PBXBuildFile; fileRef = D6D85B5A18C9F5090011AEFF /* Selector.storyboard */; };
		D6D85B6218C9F7600011AEFF /* Model.m in Sources */ = {isa = PBXBuildFile; fileRef = D6D85B6118C9F7600011AEFF /* Model.m */; };
		FD0315E218CBC89F00101C81 /* HNKCache.m in Sources */ = {isa = PBXBuildFile; fileRef = FD0315DF18CBC89F00101C81 /* HNKCache.m */; };
		FD0315E318CBC89F00101C81 /* UIImageView+Haneke.m in Sources */ = {isa = PBXBuildFile; fileRef = FD0315E118CBC89F00101C81 /* UIImageView+Haneke.m */; };
		FD0315E618CBCBF700101C81 /* Placeholder.png in Resources */ = {isa = PBXBuildFile; fileRef = FD0315E518CBCBF700101C81 /* Placeholder.png */; };
		FD08010A18C7C26F00011351 /* Foundation.framework in Frameworks */ = {isa = PBXBuildFile; fileRef = FD08010918C7C26F00011351 /* Foundation.framework */; };
		FD08010C18C7C26F00011351 /* CoreGraphics.framework in Frameworks */ = {isa = PBXBuildFile; fileRef = FD08010B18C7C26F00011351 /* CoreGraphics.framework */; };
		FD08010E18C7C26F00011351 /* UIKit.framework in Frameworks */ = {isa = PBXBuildFile; fileRef = FD08010D18C7C26F00011351 /* UIKit.framework */; };
		FD08011418C7C26F00011351 /* InfoPlist.strings in Resources */ = {isa = PBXBuildFile; fileRef = FD08011218C7C26F00011351 /* InfoPlist.strings */; };
		FD08011618C7C26F00011351 /* main.m in Sources */ = {isa = PBXBuildFile; fileRef = FD08011518C7C26F00011351 /* main.m */; };
		FD08011A18C7C26F00011351 /* AppDelegate.m in Sources */ = {isa = PBXBuildFile; fileRef = FD08011918C7C26F00011351 /* AppDelegate.m */; };
		FD08012018C7C26F00011351 /* Display.storyboard in Resources */ = {isa = PBXBuildFile; fileRef = FD08011E18C7C26F00011351 /* Display.storyboard */; };
		FD08012318C7C26F00011351 /* DisplayViewController.m in Sources */ = {isa = PBXBuildFile; fileRef = FD08012218C7C26F00011351 /* DisplayViewController.m */; };
		FD08012518C7C26F00011351 /* Images.xcassets in Resources */ = {isa = PBXBuildFile; fileRef = FD08012418C7C26F00011351 /* Images.xcassets */; };
		FD08012C18C7C26F00011351 /* XCTest.framework in Frameworks */ = {isa = PBXBuildFile; fileRef = FD08012B18C7C26F00011351 /* XCTest.framework */; };
		FD08012D18C7C26F00011351 /* Foundation.framework in Frameworks */ = {isa = PBXBuildFile; fileRef = FD08010918C7C26F00011351 /* Foundation.framework */; };
		FD08012E18C7C26F00011351 /* UIKit.framework in Frameworks */ = {isa = PBXBuildFile; fileRef = FD08010D18C7C26F00011351 /* UIKit.framework */; };
		FD08013618C7C26F00011351 /* InfoPlist.strings in Resources */ = {isa = PBXBuildFile; fileRef = FD08013418C7C26F00011351 /* InfoPlist.strings */; };
		FD08013818C7C26F00011351 /* FirstSiteTests.m in Sources */ = {isa = PBXBuildFile; fileRef = FD08013718C7C26F00011351 /* FirstSiteTests.m */; };
		FD8603A318CA82FA001E5D31 /* FolderCell.m in Sources */ = {isa = PBXBuildFile; fileRef = FD8603A218CA82FA001E5D31 /* FolderCell.m */; };
		FD8603A618CA830B001E5D31 /* FileCell.m in Sources */ = {isa = PBXBuildFile; fileRef = FD8603A518CA830B001E5D31 /* FileCell.m */; };
		FDA9871718C7CA8D0019DBB3 /* FileScanner.m in Sources */ = {isa = PBXBuildFile; fileRef = FDA9871618C7CA8D0019DBB3 /* FileScanner.m */; };
		FDA9871A18C7CCC80019DBB3 /* FileNode.m in Sources */ = {isa = PBXBuildFile; fileRef = FDA9871918C7CCC80019DBB3 /* FileNode.m */; };
		FDA9871D18C7CCDA0019DBB3 /* FolderNode.m in Sources */ = {isa = PBXBuildFile; fileRef = FDA9871C18C7CCDA0019DBB3 /* FolderNode.m */; };
		FDAEEF7318CB2D8B00A77C71 /* UIImage+Resizing.m in Sources */ = {isa = PBXBuildFile; fileRef = FDAEEF7218CB2D8B00A77C71 /* UIImage+Resizing.m */; };
		FDC9F4F518C7D0A00089732D /* FileTests.m in Sources */ = {isa = PBXBuildFile; fileRef = FDC9F4F418C7D0A00089732D /* FileTests.m */; };
		FDC9F4F918C7D1BE0089732D /* Unzipper.m in Sources */ = {isa = PBXBuildFile; fileRef = FDC9F4F818C7D1BE0089732D /* Unzipper.m */; };
		FDC9F4FB18C7D2530089732D /* UnzipperTests.m in Sources */ = {isa = PBXBuildFile; fileRef = FDC9F4FA18C7D2530089732D /* UnzipperTests.m */; };
		FDC9F4FE18C8679F0089732D /* Paths.m in Sources */ = {isa = PBXBuildFile; fileRef = FDC9F4FD18C8679F0089732D /* Paths.m */; };
		FDC9F50418CA74190089732D /* NSString+ContainsStringInArray.m in Sources */ = {isa = PBXBuildFile; fileRef = FDC9F50318CA74190089732D /* NSString+ContainsStringInArray.m */; };
/* End PBXBuildFile section */

/* Begin PBXContainerItemProxy section */
		FD08012F18C7C26F00011351 /* PBXContainerItemProxy */ = {
			isa = PBXContainerItemProxy;
			containerPortal = FD0800FE18C7C26E00011351 /* Project object */;
			proxyType = 1;
			remoteGlobalIDString = FD08010518C7C26E00011351;
			remoteInfo = FirstSite;
		};
/* End PBXContainerItemProxy section */

/* Begin PBXFileReference section */
		2504630EAA5D470FA87ED279 /* libPods.a */ = {isa = PBXFileReference; explicitFileType = archive.ar; includeInIndex = 0; path = libPods.a; sourceTree = BUILT_PRODUCTS_DIR; };
		525926D6002C46EAB28CE648 /* Pods.xcconfig */ = {isa = PBXFileReference; includeInIndex = 1; lastKnownFileType = text.xcconfig; name = Pods.xcconfig; path = Pods/Pods.xcconfig; sourceTree = "<group>"; };
		D64061DD18D339FE00EA7C73 /* Peer.h */ = {isa = PBXFileReference; fileEncoding = 4; lastKnownFileType = sourcecode.c.h; name = Peer.h; path = FirstSite/Peer.h; sourceTree = "<group>"; };
		D64061DE18D339FE00EA7C73 /* Peer.m */ = {isa = PBXFileReference; fileEncoding = 4; lastKnownFileType = sourcecode.c.objc; name = Peer.m; path = FirstSite/Peer.m; sourceTree = "<group>"; };
		D64061DF18D339FE00EA7C73 /* PeerHelper.h */ = {isa = PBXFileReference; fileEncoding = 4; lastKnownFileType = sourcecode.c.h; name = PeerHelper.h; path = FirstSite/PeerHelper.h; sourceTree = "<group>"; };
		D64061E018D339FE00EA7C73 /* PeerHelper.m */ = {isa = PBXFileReference; fileEncoding = 4; lastKnownFileType = sourcecode.c.objc; name = PeerHelper.m; path = FirstSite/PeerHelper.m; sourceTree = "<group>"; };
		D64061E318D33AA800EA7C73 /* Card.h */ = {isa = PBXFileReference; fileEncoding = 4; lastKnownFileType = sourcecode.c.h; name = Card.h; path = FirstSite/Card.h; sourceTree = "<group>"; };
		D64061E418D33AA800EA7C73 /* Card.m */ = {isa = PBXFileReference; fileEncoding = 4; lastKnownFileType = sourcecode.c.objc; name = Card.m; path = FirstSite/Card.m; sourceTree = "<group>"; };
		D64061E618D33BC900EA7C73 /* CommsConstants.h */ = {isa = PBXFileReference; lastKnownFileType = sourcecode.c.h; name = CommsConstants.h; path = FirstSite/CommsConstants.h; sourceTree = "<group>"; };
		D64061E718D33BFD00EA7C73 /* CommsConstants.m */ = {isa = PBXFileReference; fileEncoding = 4; lastKnownFileType = sourcecode.c.objc; path = CommsConstants.m; sourceTree = "<group>"; };
		D6D85B4818C8A98F0011AEFF /* SelectorViewController.h */ = {isa = PBXFileReference; fileEncoding = 4; lastKnownFileType = sourcecode.c.h; name = SelectorViewController.h; path = FirstSite/SelectorViewController.h; sourceTree = "<group>"; };
		D6D85B4918C8A98F0011AEFF /* SelectorViewController.m */ = {isa = PBXFileReference; fileEncoding = 4; lastKnownFileType = sourcecode.c.objc; name = SelectorViewController.m; path = FirstSite/SelectorViewController.m; sourceTree = "<group>"; };
		D6D85B5A18C9F5090011AEFF /* Selector.storyboard */ = {isa = PBXFileReference; fileEncoding = 4; lastKnownFileType = file.storyboard; name = Selector.storyboard; path = FirstSite/Selector.storyboard; sourceTree = "<group>"; };
		D6D85B6018C9F7600011AEFF /* Model.h */ = {isa = PBXFileReference; fileEncoding = 4; lastKnownFileType = sourcecode.c.h; name = Model.h; path = FirstSite/Model.h; sourceTree = "<group>"; };
		D6D85B6118C9F7600011AEFF /* Model.m */ = {isa = PBXFileReference; fileEncoding = 4; lastKnownFileType = sourcecode.c.objc; name = Model.m; path = FirstSite/Model.m; sourceTree = "<group>"; };
		FD0315DE18CBC89F00101C81 /* HNKCache.h */ = {isa = PBXFileReference; fileEncoding = 4; lastKnownFileType = sourcecode.c.h; name = HNKCache.h; path = FirstSite/Haneke/HNKCache.h; sourceTree = "<group>"; };
		FD0315DF18CBC89F00101C81 /* HNKCache.m */ = {isa = PBXFileReference; fileEncoding = 4; lastKnownFileType = sourcecode.c.objc; name = HNKCache.m; path = FirstSite/Haneke/HNKCache.m; sourceTree = "<group>"; };
		FD0315E018CBC89F00101C81 /* UIImageView+Haneke.h */ = {isa = PBXFileReference; fileEncoding = 4; lastKnownFileType = sourcecode.c.h; name = "UIImageView+Haneke.h"; path = "FirstSite/Haneke/UIImageView+Haneke.h"; sourceTree = "<group>"; };
		FD0315E118CBC89F00101C81 /* UIImageView+Haneke.m */ = {isa = PBXFileReference; fileEncoding = 4; lastKnownFileType = sourcecode.c.objc; name = "UIImageView+Haneke.m"; path = "FirstSite/Haneke/UIImageView+Haneke.m"; sourceTree = "<group>"; };
		FD0315E518CBCBF700101C81 /* Placeholder.png */ = {isa = PBXFileReference; lastKnownFileType = image.png; name = Placeholder.png; path = Assets/Placeholder.png; sourceTree = "<group>"; };
		FD08010618C7C26E00011351 /* FirstSite.app */ = {isa = PBXFileReference; explicitFileType = wrapper.application; includeInIndex = 0; path = FirstSite.app; sourceTree = BUILT_PRODUCTS_DIR; };
		FD08010918C7C26F00011351 /* Foundation.framework */ = {isa = PBXFileReference; lastKnownFileType = wrapper.framework; name = Foundation.framework; path = System/Library/Frameworks/Foundation.framework; sourceTree = SDKROOT; };
		FD08010B18C7C26F00011351 /* CoreGraphics.framework */ = {isa = PBXFileReference; lastKnownFileType = wrapper.framework; name = CoreGraphics.framework; path = System/Library/Frameworks/CoreGraphics.framework; sourceTree = SDKROOT; };
		FD08010D18C7C26F00011351 /* UIKit.framework */ = {isa = PBXFileReference; lastKnownFileType = wrapper.framework; name = UIKit.framework; path = System/Library/Frameworks/UIKit.framework; sourceTree = SDKROOT; };
		FD08011118C7C26F00011351 /* FirstSite-Info.plist */ = {isa = PBXFileReference; lastKnownFileType = text.plist.xml; path = "FirstSite-Info.plist"; sourceTree = "<group>"; };
		FD08011318C7C26F00011351 /* en */ = {isa = PBXFileReference; lastKnownFileType = text.plist.strings; name = en; path = en.lproj/InfoPlist.strings; sourceTree = "<group>"; };
		FD08011518C7C26F00011351 /* main.m */ = {isa = PBXFileReference; lastKnownFileType = sourcecode.c.objc; path = main.m; sourceTree = "<group>"; };
		FD08011718C7C26F00011351 /* FirstSite-Prefix.pch */ = {isa = PBXFileReference; lastKnownFileType = sourcecode.c.h; path = "FirstSite-Prefix.pch"; sourceTree = "<group>"; };
		FD08011818C7C26F00011351 /* AppDelegate.h */ = {isa = PBXFileReference; lastKnownFileType = sourcecode.c.h; path = AppDelegate.h; sourceTree = "<group>"; };
		FD08011918C7C26F00011351 /* AppDelegate.m */ = {isa = PBXFileReference; lastKnownFileType = sourcecode.c.objc; path = AppDelegate.m; sourceTree = "<group>"; };
		FD08011F18C7C26F00011351 /* Base */ = {isa = PBXFileReference; lastKnownFileType = file.storyboard; name = Base; path = Base.lproj/Display.storyboard; sourceTree = "<group>"; };
		FD08012118C7C26F00011351 /* DisplayViewController.h */ = {isa = PBXFileReference; lastKnownFileType = sourcecode.c.h; name = DisplayViewController.h; path = FirstSite/DisplayViewController.h; sourceTree = "<group>"; };
		FD08012218C7C26F00011351 /* DisplayViewController.m */ = {isa = PBXFileReference; lastKnownFileType = sourcecode.c.objc; name = DisplayViewController.m; path = FirstSite/DisplayViewController.m; sourceTree = "<group>"; };
		FD08012418C7C26F00011351 /* Images.xcassets */ = {isa = PBXFileReference; lastKnownFileType = folder.assetcatalog; path = Images.xcassets; sourceTree = "<group>"; };
		FD08012A18C7C26F00011351 /* FirstSiteTests.xctest */ = {isa = PBXFileReference; explicitFileType = wrapper.cfbundle; includeInIndex = 0; path = FirstSiteTests.xctest; sourceTree = BUILT_PRODUCTS_DIR; };
		FD08012B18C7C26F00011351 /* XCTest.framework */ = {isa = PBXFileReference; lastKnownFileType = wrapper.framework; name = XCTest.framework; path = Library/Frameworks/XCTest.framework; sourceTree = DEVELOPER_DIR; };
		FD08013318C7C26F00011351 /* FirstSiteTests-Info.plist */ = {isa = PBXFileReference; lastKnownFileType = text.plist.xml; path = "FirstSiteTests-Info.plist"; sourceTree = "<group>"; };
		FD08013518C7C26F00011351 /* en */ = {isa = PBXFileReference; lastKnownFileType = text.plist.strings; name = en; path = en.lproj/InfoPlist.strings; sourceTree = "<group>"; };
		FD08013718C7C26F00011351 /* FirstSiteTests.m */ = {isa = PBXFileReference; lastKnownFileType = sourcecode.c.objc; path = FirstSiteTests.m; sourceTree = "<group>"; };
		FD8603A018CA7A42001E5D31 /* SelectorViewControllerDelegate.h */ = {isa = PBXFileReference; lastKnownFileType = sourcecode.c.h; name = SelectorViewControllerDelegate.h; path = FirstSite/SelectorViewControllerDelegate.h; sourceTree = "<group>"; };
		FD8603A118CA82FA001E5D31 /* FolderCell.h */ = {isa = PBXFileReference; fileEncoding = 4; lastKnownFileType = sourcecode.c.h; name = FolderCell.h; path = FirstSite/FolderCell.h; sourceTree = "<group>"; };
		FD8603A218CA82FA001E5D31 /* FolderCell.m */ = {isa = PBXFileReference; fileEncoding = 4; lastKnownFileType = sourcecode.c.objc; name = FolderCell.m; path = FirstSite/FolderCell.m; sourceTree = "<group>"; };
		FD8603A418CA830B001E5D31 /* FileCell.h */ = {isa = PBXFileReference; fileEncoding = 4; lastKnownFileType = sourcecode.c.h; name = FileCell.h; path = FirstSite/FileCell.h; sourceTree = "<group>"; };
		FD8603A518CA830B001E5D31 /* FileCell.m */ = {isa = PBXFileReference; fileEncoding = 4; lastKnownFileType = sourcecode.c.objc; name = FileCell.m; path = FirstSite/FileCell.m; sourceTree = "<group>"; };
		FDA9871318C7CA3F0019DBB3 /* Node.h */ = {isa = PBXFileReference; lastKnownFileType = sourcecode.c.h; name = Node.h; path = FirstSite/Node.h; sourceTree = "<group>"; };
		FDA9871518C7CA8D0019DBB3 /* FileScanner.h */ = {isa = PBXFileReference; fileEncoding = 4; lastKnownFileType = sourcecode.c.h; name = FileScanner.h; path = FirstSite/FileScanner.h; sourceTree = "<group>"; };
		FDA9871618C7CA8D0019DBB3 /* FileScanner.m */ = {isa = PBXFileReference; fileEncoding = 4; lastKnownFileType = sourcecode.c.objc; name = FileScanner.m; path = FirstSite/FileScanner.m; sourceTree = "<group>"; };
		FDA9871818C7CCC80019DBB3 /* FileNode.h */ = {isa = PBXFileReference; fileEncoding = 4; lastKnownFileType = sourcecode.c.h; name = FileNode.h; path = FirstSite/FileNode.h; sourceTree = "<group>"; };
		FDA9871918C7CCC80019DBB3 /* FileNode.m */ = {isa = PBXFileReference; fileEncoding = 4; lastKnownFileType = sourcecode.c.objc; name = FileNode.m; path = FirstSite/FileNode.m; sourceTree = "<group>"; };
		FDA9871B18C7CCDA0019DBB3 /* FolderNode.h */ = {isa = PBXFileReference; fileEncoding = 4; lastKnownFileType = sourcecode.c.h; name = FolderNode.h; path = FirstSite/FolderNode.h; sourceTree = "<group>"; };
		FDA9871C18C7CCDA0019DBB3 /* FolderNode.m */ = {isa = PBXFileReference; fileEncoding = 4; lastKnownFileType = sourcecode.c.objc; name = FolderNode.m; path = FirstSite/FolderNode.m; sourceTree = "<group>"; };
		FDAEEF7118CB2D8B00A77C71 /* UIImage+Resizing.h */ = {isa = PBXFileReference; fileEncoding = 4; lastKnownFileType = sourcecode.c.h; name = "UIImage+Resizing.h"; path = "FirstSite/UIImage+Resizing.h"; sourceTree = "<group>"; };
		FDAEEF7218CB2D8B00A77C71 /* UIImage+Resizing.m */ = {isa = PBXFileReference; fileEncoding = 4; lastKnownFileType = sourcecode.c.objc; name = "UIImage+Resizing.m"; path = "FirstSite/UIImage+Resizing.m"; sourceTree = "<group>"; };
		FDC9F4F418C7D0A00089732D /* FileTests.m */ = {isa = PBXFileReference; fileEncoding = 4; lastKnownFileType = sourcecode.c.objc; path = FileTests.m; sourceTree = "<group>"; };
		FDC9F4F718C7D1BE0089732D /* Unzipper.h */ = {isa = PBXFileReference; fileEncoding = 4; lastKnownFileType = sourcecode.c.h; name = Unzipper.h; path = FirstSite/Unzipper.h; sourceTree = "<group>"; };
		FDC9F4F818C7D1BE0089732D /* Unzipper.m */ = {isa = PBXFileReference; fileEncoding = 4; lastKnownFileType = sourcecode.c.objc; name = Unzipper.m; path = FirstSite/Unzipper.m; sourceTree = "<group>"; };
		FDC9F4FA18C7D2530089732D /* UnzipperTests.m */ = {isa = PBXFileReference; fileEncoding = 4; lastKnownFileType = sourcecode.c.objc; path = UnzipperTests.m; sourceTree = "<group>"; };
		FDC9F4FC18C8679F0089732D /* Paths.h */ = {isa = PBXFileReference; fileEncoding = 4; lastKnownFileType = sourcecode.c.h; name = Paths.h; path = FirstSite/Paths.h; sourceTree = "<group>"; };
		FDC9F4FD18C8679F0089732D /* Paths.m */ = {isa = PBXFileReference; fileEncoding = 4; lastKnownFileType = sourcecode.c.objc; name = Paths.m; path = FirstSite/Paths.m; sourceTree = "<group>"; };
		FDC9F50218CA74190089732D /* NSString+ContainsStringInArray.h */ = {isa = PBXFileReference; fileEncoding = 4; lastKnownFileType = sourcecode.c.h; name = "NSString+ContainsStringInArray.h"; path = "FirstSite/NSString+ContainsStringInArray.h"; sourceTree = "<group>"; };
		FDC9F50318CA74190089732D /* NSString+ContainsStringInArray.m */ = {isa = PBXFileReference; fileEncoding = 4; lastKnownFileType = sourcecode.c.objc; name = "NSString+ContainsStringInArray.m"; path = "FirstSite/NSString+ContainsStringInArray.m"; sourceTree = "<group>"; };
/* End PBXFileReference section */

/* Begin PBXFrameworksBuildPhase section */
		FD08010318C7C26E00011351 /* Frameworks */ = {
			isa = PBXFrameworksBuildPhase;
			buildActionMask = 2147483647;
			files = (
				FD08010C18C7C26F00011351 /* CoreGraphics.framework in Frameworks */,
				FD08010E18C7C26F00011351 /* UIKit.framework in Frameworks */,
				FD08010A18C7C26F00011351 /* Foundation.framework in Frameworks */,
				7F0E0331D2F44D4EA1BA0E03 /* libPods.a in Frameworks */,
			);
			runOnlyForDeploymentPostprocessing = 0;
		};
		FD08012718C7C26F00011351 /* Frameworks */ = {
			isa = PBXFrameworksBuildPhase;
			buildActionMask = 2147483647;
			files = (
				FD08012C18C7C26F00011351 /* XCTest.framework in Frameworks */,
				FD08012E18C7C26F00011351 /* UIKit.framework in Frameworks */,
				FD08012D18C7C26F00011351 /* Foundation.framework in Frameworks */,
			);
			runOnlyForDeploymentPostprocessing = 0;
		};
/* End PBXFrameworksBuildPhase section */

/* Begin PBXGroup section */
		D64061DC18D339ED00EA7C73 /* Comms */ = {
			isa = PBXGroup;
			children = (
				D64061E318D33AA800EA7C73 /* Card.h */,
				D64061E418D33AA800EA7C73 /* Card.m */,
				D64061DD18D339FE00EA7C73 /* Peer.h */,
				D64061DE18D339FE00EA7C73 /* Peer.m */,
				D64061DF18D339FE00EA7C73 /* PeerHelper.h */,
				D64061E018D339FE00EA7C73 /* PeerHelper.m */,
				D64061E618D33BC900EA7C73 /* CommsConstants.h */,
				D64061E718D33BFD00EA7C73 /* CommsConstants.m */,
			);
			name = Comms;
			sourceTree = "<group>";
		};
		D6D85B5918C9F4630011AEFF /* ViewControllers */ = {
			isa = PBXGroup;
			children = (
				FD08011E18C7C26F00011351 /* Display.storyboard */,
				FD08012118C7C26F00011351 /* DisplayViewController.h */,
				FD08012218C7C26F00011351 /* DisplayViewController.m */,
				D6D85B4818C8A98F0011AEFF /* SelectorViewController.h */,
				D6D85B4918C8A98F0011AEFF /* SelectorViewController.m */,
				D6D85B5A18C9F5090011AEFF /* Selector.storyboard */,
				FD8603A018CA7A42001E5D31 /* SelectorViewControllerDelegate.h */,
				FD8603A118CA82FA001E5D31 /* FolderCell.h */,
				FD8603A218CA82FA001E5D31 /* FolderCell.m */,
				FD8603A418CA830B001E5D31 /* FileCell.h */,
				FD8603A518CA830B001E5D31 /* FileCell.m */,
			);
			name = ViewControllers;
			sourceTree = "<group>";
		};
		D6D85B5F18C9F7420011AEFF /* Model */ = {
			isa = PBXGroup;
			children = (
				D6D85B6018C9F7600011AEFF /* Model.h */,
				D6D85B6118C9F7600011AEFF /* Model.m */,
			);
			name = Model;
			sourceTree = "<group>";
		};
		FD0315DD18CBC88E00101C81 /* Haneke */ = {
			isa = PBXGroup;
			children = (
				FD0315DE18CBC89F00101C81 /* HNKCache.h */,
				FD0315DF18CBC89F00101C81 /* HNKCache.m */,
				FD0315E018CBC89F00101C81 /* UIImageView+Haneke.h */,
				FD0315E118CBC89F00101C81 /* UIImageView+Haneke.m */,
			);
			name = Haneke;
			sourceTree = "<group>";
		};
		FD0315E418CBCB0600101C81 /* Assets */ = {
			isa = PBXGroup;
			children = (
				FD0315E518CBCBF700101C81 /* Placeholder.png */,
			);
			name = Assets;
			sourceTree = "<group>";
		};
		FD0800FD18C7C26E00011351 = {
			isa = PBXGroup;
			children = (
				D64061DC18D339ED00EA7C73 /* Comms */,
				FD0315E418CBCB0600101C81 /* Assets */,
				FD0315DD18CBC88E00101C81 /* Haneke */,
				FDC9F50118CA73F70089732D /* Categories */,
				D6D85B5F18C9F7420011AEFF /* Model */,
				D6D85B5918C9F4630011AEFF /* ViewControllers */,
				FDC9F4F618C7D19F0089732D /* Unzipper */,
				FDA9871418C7CA4B0019DBB3 /* Node */,
				FD08010F18C7C26F00011351 /* FirstSite */,
				FD08013118C7C26F00011351 /* FirstSiteTests */,
				FD08010818C7C26E00011351 /* Frameworks */,
				FD08010718C7C26E00011351 /* Products */,
				525926D6002C46EAB28CE648 /* Pods.xcconfig */,
			);
			sourceTree = "<group>";
		};
		FD08010718C7C26E00011351 /* Products */ = {
			isa = PBXGroup;
			children = (
				FD08010618C7C26E00011351 /* FirstSite.app */,
				FD08012A18C7C26F00011351 /* FirstSiteTests.xctest */,
			);
			name = Products;
			sourceTree = "<group>";
		};
		FD08010818C7C26E00011351 /* Frameworks */ = {
			isa = PBXGroup;
			children = (
				FD08010918C7C26F00011351 /* Foundation.framework */,
				FD08010B18C7C26F00011351 /* CoreGraphics.framework */,
				FD08010D18C7C26F00011351 /* UIKit.framework */,
				FD08012B18C7C26F00011351 /* XCTest.framework */,
				2504630EAA5D470FA87ED279 /* libPods.a */,
			);
			name = Frameworks;
			sourceTree = "<group>";
		};
		FD08010F18C7C26F00011351 /* FirstSite */ = {
			isa = PBXGroup;
			children = (
				FD08011818C7C26F00011351 /* AppDelegate.h */,
				FD08011918C7C26F00011351 /* AppDelegate.m */,
				FD08012418C7C26F00011351 /* Images.xcassets */,
				FD08011018C7C26F00011351 /* Supporting Files */,
			);
			path = FirstSite;
			sourceTree = "<group>";
		};
		FD08011018C7C26F00011351 /* Supporting Files */ = {
			isa = PBXGroup;
			children = (
				FD08011118C7C26F00011351 /* FirstSite-Info.plist */,
				FD08011218C7C26F00011351 /* InfoPlist.strings */,
				FD08011518C7C26F00011351 /* main.m */,
				FD08011718C7C26F00011351 /* FirstSite-Prefix.pch */,
			);
			name = "Supporting Files";
			sourceTree = "<group>";
		};
		FD08013118C7C26F00011351 /* FirstSiteTests */ = {
			isa = PBXGroup;
			children = (
				FD08013718C7C26F00011351 /* FirstSiteTests.m */,
				FD08013218C7C26F00011351 /* Supporting Files */,
				FDC9F4F418C7D0A00089732D /* FileTests.m */,
				FDC9F4FA18C7D2530089732D /* UnzipperTests.m */,
			);
			path = FirstSiteTests;
			sourceTree = "<group>";
		};
		FD08013218C7C26F00011351 /* Supporting Files */ = {
			isa = PBXGroup;
			children = (
				FD08013318C7C26F00011351 /* FirstSiteTests-Info.plist */,
				FD08013418C7C26F00011351 /* InfoPlist.strings */,
			);
			name = "Supporting Files";
			sourceTree = "<group>";
		};
		FDA9871418C7CA4B0019DBB3 /* Node */ = {
			isa = PBXGroup;
			children = (
				FDA9871318C7CA3F0019DBB3 /* Node.h */,
				FDA9871518C7CA8D0019DBB3 /* FileScanner.h */,
				FDA9871618C7CA8D0019DBB3 /* FileScanner.m */,
				FDA9871818C7CCC80019DBB3 /* FileNode.h */,
				FDA9871918C7CCC80019DBB3 /* FileNode.m */,
				FDA9871B18C7CCDA0019DBB3 /* FolderNode.h */,
				FDA9871C18C7CCDA0019DBB3 /* FolderNode.m */,
				FDC9F4FC18C8679F0089732D /* Paths.h */,
				FDC9F4FD18C8679F0089732D /* Paths.m */,
			);
			name = Node;
			sourceTree = "<group>";
		};
		FDC9F4F618C7D19F0089732D /* Unzipper */ = {
			isa = PBXGroup;
			children = (
				FDC9F4F718C7D1BE0089732D /* Unzipper.h */,
				FDC9F4F818C7D1BE0089732D /* Unzipper.m */,
			);
			name = Unzipper;
			sourceTree = "<group>";
		};
		FDC9F50118CA73F70089732D /* Categories */ = {
			isa = PBXGroup;
			children = (
				FDC9F50218CA74190089732D /* NSString+ContainsStringInArray.h */,
				FDC9F50318CA74190089732D /* NSString+ContainsStringInArray.m */,
				FDAEEF7118CB2D8B00A77C71 /* UIImage+Resizing.h */,
				FDAEEF7218CB2D8B00A77C71 /* UIImage+Resizing.m */,
			);
			name = Categories;
			sourceTree = "<group>";
		};
/* End PBXGroup section */

/* Begin PBXNativeTarget section */
		FD08010518C7C26E00011351 /* FirstSite */ = {
			isa = PBXNativeTarget;
			buildConfigurationList = FD08013B18C7C26F00011351 /* Build configuration list for PBXNativeTarget "FirstSite" */;
			buildPhases = (
				997385B6BD564EB8A1F7BD9B /* Check Pods Manifest.lock */,
				FD08010218C7C26E00011351 /* Sources */,
				FD08010318C7C26E00011351 /* Frameworks */,
				FD08010418C7C26E00011351 /* Resources */,
				6B3C45AF07A241DC8A28F60C /* Copy Pods Resources */,
			);
			buildRules = (
			);
			dependencies = (
			);
			name = FirstSite;
			productName = FirstSite;
			productReference = FD08010618C7C26E00011351 /* FirstSite.app */;
			productType = "com.apple.product-type.application";
		};
		FD08012918C7C26F00011351 /* FirstSiteTests */ = {
			isa = PBXNativeTarget;
			buildConfigurationList = FD08013E18C7C26F00011351 /* Build configuration list for PBXNativeTarget "FirstSiteTests" */;
			buildPhases = (
				FD08012618C7C26F00011351 /* Sources */,
				FD08012718C7C26F00011351 /* Frameworks */,
				FD08012818C7C26F00011351 /* Resources */,
			);
			buildRules = (
			);
			dependencies = (
				FD08013018C7C26F00011351 /* PBXTargetDependency */,
			);
			name = FirstSiteTests;
			productName = FirstSiteTests;
			productReference = FD08012A18C7C26F00011351 /* FirstSiteTests.xctest */;
			productType = "com.apple.product-type.bundle.unit-test";
		};
/* End PBXNativeTarget section */

/* Begin PBXProject section */
		FD0800FE18C7C26E00011351 /* Project object */ = {
			isa = PBXProject;
			attributes = {
				LastUpgradeCheck = 0510;
				ORGANIZATIONNAME = Sparx;
				TargetAttributes = {
					FD08012918C7C26F00011351 = {
						TestTargetID = FD08010518C7C26E00011351;
					};
				};
			};
			buildConfigurationList = FD08010118C7C26E00011351 /* Build configuration list for PBXProject "FirstSite" */;
			compatibilityVersion = "Xcode 3.2";
			developmentRegion = English;
			hasScannedForEncodings = 0;
			knownRegions = (
				en,
				Base,
			);
			mainGroup = FD0800FD18C7C26E00011351;
			productRefGroup = FD08010718C7C26E00011351 /* Products */;
			projectDirPath = "";
			projectRoot = "";
			targets = (
				FD08010518C7C26E00011351 /* FirstSite */,
				FD08012918C7C26F00011351 /* FirstSiteTests */,
			);
		};
/* End PBXProject section */

/* Begin PBXResourcesBuildPhase section */
		FD08010418C7C26E00011351 /* Resources */ = {
			isa = PBXResourcesBuildPhase;
			buildActionMask = 2147483647;
			files = (
				FD0315E618CBCBF700101C81 /* Placeholder.png in Resources */,
				FD08012018C7C26F00011351 /* Display.storyboard in Resources */,
				FD08012518C7C26F00011351 /* Images.xcassets in Resources */,
				FD08011418C7C26F00011351 /* InfoPlist.strings in Resources */,
				D6D85B5B18C9F5090011AEFF /* Selector.storyboard in Resources */,
			);
			runOnlyForDeploymentPostprocessing = 0;
		};
		FD08012818C7C26F00011351 /* Resources */ = {
			isa = PBXResourcesBuildPhase;
			buildActionMask = 2147483647;
			files = (
				FD08013618C7C26F00011351 /* InfoPlist.strings in Resources */,
			);
			runOnlyForDeploymentPostprocessing = 0;
		};
/* End PBXResourcesBuildPhase section */

/* Begin PBXShellScriptBuildPhase section */
		6B3C45AF07A241DC8A28F60C /* Copy Pods Resources */ = {
			isa = PBXShellScriptBuildPhase;
			buildActionMask = 2147483647;
			files = (
			);
			inputPaths = (
			);
			name = "Copy Pods Resources";
			outputPaths = (
			);
			runOnlyForDeploymentPostprocessing = 0;
			shellPath = /bin/sh;
			shellScript = "\"${SRCROOT}/Pods/Pods-resources.sh\"\n";
			showEnvVarsInLog = 0;
		};
		997385B6BD564EB8A1F7BD9B /* Check Pods Manifest.lock */ = {
			isa = PBXShellScriptBuildPhase;
			buildActionMask = 2147483647;
			files = (
			);
			inputPaths = (
			);
			name = "Check Pods Manifest.lock";
			outputPaths = (
			);
			runOnlyForDeploymentPostprocessing = 0;
			shellPath = /bin/sh;
			shellScript = "diff \"${PODS_ROOT}/../Podfile.lock\" \"${PODS_ROOT}/Manifest.lock\" > /dev/null\nif [[ $? != 0 ]] ; then\n    cat << EOM\nerror: The sandbox is not in sync with the Podfile.lock. Run 'pod install' or update your CocoaPods installation.\nEOM\n    exit 1\nfi\n";
			showEnvVarsInLog = 0;
		};
/* End PBXShellScriptBuildPhase section */

/* Begin PBXSourcesBuildPhase section */
		FD08010218C7C26E00011351 /* Sources */ = {
			isa = PBXSourcesBuildPhase;
			buildActionMask = 2147483647;
			files = (
				D64061E118D339FE00EA7C73 /* Peer.m in Sources */,
				D64061E218D339FE00EA7C73 /* PeerHelper.m in Sources */,
				FDA9871A18C7CCC80019DBB3 /* FileNode.m in Sources */,
				D64061E818D33BFD00EA7C73 /* CommsConstants.m in Sources */,
				FDA9871D18C7CCDA0019DBB3 /* FolderNode.m in Sources */,
				FD0315E318CBC89F00101C81 /* UIImageView+Haneke.m in Sources */,
				FDC9F4FE18C8679F0089732D /* Paths.m in Sources */,
				FD08012318C7C26F00011351 /* DisplayViewController.m in Sources */,
				FD0315E218CBC89F00101C81 /* HNKCache.m in Sources */,
				FD08011A18C7C26F00011351 /* AppDelegate.m in Sources */,
				FDA9871718C7CA8D0019DBB3 /* FileScanner.m in Sources */,
				FD08011618C7C26F00011351 /* main.m in Sources */,
				FDC9F50418CA74190089732D /* NSString+ContainsStringInArray.m in Sources */,
				FDAEEF7318CB2D8B00A77C71 /* UIImage+Resizing.m in Sources */,
				D6D85B4B18C8A98F0011AEFF /* SelectorViewController.m in Sources */,
				FD8603A618CA830B001E5D31 /* FileCell.m in Sources */,
				D64061E518D33AA800EA7C73 /* Card.m in Sources */,
				FDC9F4F918C7D1BE0089732D /* Unzipper.m in Sources */,
				D6D85B6218C9F7600011AEFF /* Model.m in Sources */,
				FD8603A318CA82FA001E5D31 /* FolderCell.m in Sources */,
			);
			runOnlyForDeploymentPostprocessing = 0;
		};
		FD08012618C7C26F00011351 /* Sources */ = {
			isa = PBXSourcesBuildPhase;
			buildActionMask = 2147483647;
			files = (
				FDC9F4FB18C7D2530089732D /* UnzipperTests.m in Sources */,
				FD08013818C7C26F00011351 /* FirstSiteTests.m in Sources */,
				FDC9F4F518C7D0A00089732D /* FileTests.m in Sources */,
			);
			runOnlyForDeploymentPostprocessing = 0;
		};
/* End PBXSourcesBuildPhase section */

/* Begin PBXTargetDependency section */
		FD08013018C7C26F00011351 /* PBXTargetDependency */ = {
			isa = PBXTargetDependency;
			target = FD08010518C7C26E00011351 /* FirstSite */;
			targetProxy = FD08012F18C7C26F00011351 /* PBXContainerItemProxy */;
		};
/* End PBXTargetDependency section */

/* Begin PBXVariantGroup section */
		FD08011218C7C26F00011351 /* InfoPlist.strings */ = {
			isa = PBXVariantGroup;
			children = (
				FD08011318C7C26F00011351 /* en */,
			);
			name = InfoPlist.strings;
			sourceTree = "<group>";
		};
		FD08011E18C7C26F00011351 /* Display.storyboard */ = {
			isa = PBXVariantGroup;
			children = (
				FD08011F18C7C26F00011351 /* Base */,
			);
			name = Display.storyboard;
			path = FirstSite;
			sourceTree = "<group>";
		};
		FD08013418C7C26F00011351 /* InfoPlist.strings */ = {
			isa = PBXVariantGroup;
			children = (
				FD08013518C7C26F00011351 /* en */,
			);
			name = InfoPlist.strings;
			sourceTree = "<group>";
		};
/* End PBXVariantGroup section */

/* Begin XCBuildConfiguration section */
		FD08013918C7C26F00011351 /* Debug */ = {
			isa = XCBuildConfiguration;
			buildSettings = {
				ALWAYS_SEARCH_USER_PATHS = NO;
				CLANG_CXX_LANGUAGE_STANDARD = "gnu++0x";
				CLANG_CXX_LIBRARY = "libc++";
				CLANG_ENABLE_MODULES = YES;
				CLANG_ENABLE_OBJC_ARC = YES;
				CLANG_WARN_BOOL_CONVERSION = YES;
				CLANG_WARN_CONSTANT_CONVERSION = YES;
				CLANG_WARN_DIRECT_OBJC_ISA_USAGE = YES_ERROR;
				CLANG_WARN_EMPTY_BODY = YES;
				CLANG_WARN_ENUM_CONVERSION = YES;
				CLANG_WARN_INT_CONVERSION = YES;
				CLANG_WARN_OBJC_ROOT_CLASS = YES_ERROR;
				CLANG_WARN__DUPLICATE_METHOD_MATCH = YES;
				"CODE_SIGN_IDENTITY[sdk=iphoneos*]" = "iPhone Developer";
				COPY_PHASE_STRIP = NO;
				GCC_C_LANGUAGE_STANDARD = gnu99;
				GCC_DYNAMIC_NO_PIC = NO;
				GCC_OPTIMIZATION_LEVEL = 0;
				GCC_PREPROCESSOR_DEFINITIONS = (
					"DEBUG=1",
					"$(inherited)",
				);
				GCC_SYMBOLS_PRIVATE_EXTERN = NO;
				GCC_WARN_64_TO_32_BIT_CONVERSION = YES;
				GCC_WARN_ABOUT_RETURN_TYPE = YES_ERROR;
				GCC_WARN_UNDECLARED_SELECTOR = YES;
				GCC_WARN_UNINITIALIZED_AUTOS = YES;
				GCC_WARN_UNUSED_FUNCTION = YES;
				GCC_WARN_UNUSED_VARIABLE = YES;
				IPHONEOS_DEPLOYMENT_TARGET = 7.0;
				ONLY_ACTIVE_ARCH = YES;
				SDKROOT = iphoneos;
				TARGETED_DEVICE_FAMILY = "1,2";
			};
			name = Debug;
		};
		FD08013A18C7C26F00011351 /* Release */ = {
			isa = XCBuildConfiguration;
			buildSettings = {
				ALWAYS_SEARCH_USER_PATHS = NO;
				CLANG_CXX_LANGUAGE_STANDARD = "gnu++0x";
				CLANG_CXX_LIBRARY = "libc++";
				CLANG_ENABLE_MODULES = YES;
				CLANG_ENABLE_OBJC_ARC = YES;
				CLANG_WARN_BOOL_CONVERSION = YES;
				CLANG_WARN_CONSTANT_CONVERSION = YES;
				CLANG_WARN_DIRECT_OBJC_ISA_USAGE = YES_ERROR;
				CLANG_WARN_EMPTY_BODY = YES;
				CLANG_WARN_ENUM_CONVERSION = YES;
				CLANG_WARN_INT_CONVERSION = YES;
				CLANG_WARN_OBJC_ROOT_CLASS = YES_ERROR;
				CLANG_WARN__DUPLICATE_METHOD_MATCH = YES;
				"CODE_SIGN_IDENTITY[sdk=iphoneos*]" = "iPhone Developer";
				COPY_PHASE_STRIP = YES;
				ENABLE_NS_ASSERTIONS = NO;
				GCC_C_LANGUAGE_STANDARD = gnu99;
				GCC_WARN_64_TO_32_BIT_CONVERSION = YES;
				GCC_WARN_ABOUT_RETURN_TYPE = YES_ERROR;
				GCC_WARN_UNDECLARED_SELECTOR = YES;
				GCC_WARN_UNINITIALIZED_AUTOS = YES;
				GCC_WARN_UNUSED_FUNCTION = YES;
				GCC_WARN_UNUSED_VARIABLE = YES;
				IPHONEOS_DEPLOYMENT_TARGET = 7.0;
				SDKROOT = iphoneos;
				TARGETED_DEVICE_FAMILY = "1,2";
				VALIDATE_PRODUCT = YES;
			};
			name = Release;
		};
		FD08013C18C7C26F00011351 /* Debug */ = {
			isa = XCBuildConfiguration;
			baseConfigurationReference = 525926D6002C46EAB28CE648 /* Pods.xcconfig */;
			buildSettings = {
				ASSETCATALOG_COMPILER_APPICON_NAME = AppIcon;
				ASSETCATALOG_COMPILER_LAUNCHIMAGE_NAME = LaunchImage;
				GCC_PRECOMPILE_PREFIX_HEADER = YES;
				GCC_PREFIX_HEADER = "FirstSite/FirstSite-Prefix.pch";
				INFOPLIST_FILE = "FirstSite/FirstSite-Info.plist";
				PRODUCT_NAME = "$(TARGET_NAME)";
				TARGETED_DEVICE_FAMILY = "1,2";
				WRAPPER_EXTENSION = app;
			};
			name = Debug;
		};
		FD08013D18C7C26F00011351 /* Release */ = {
			isa = XCBuildConfiguration;
			baseConfigurationReference = 525926D6002C46EAB28CE648 /* Pods.xcconfig */;
			buildSettings = {
				ASSETCATALOG_COMPILER_APPICON_NAME = AppIcon;
				ASSETCATALOG_COMPILER_LAUNCHIMAGE_NAME = LaunchImage;
				GCC_PRECOMPILE_PREFIX_HEADER = YES;
				GCC_PREFIX_HEADER = "FirstSite/FirstSite-Prefix.pch";
				INFOPLIST_FILE = "FirstSite/FirstSite-Info.plist";
				PRODUCT_NAME = "$(TARGET_NAME)";
				TARGETED_DEVICE_FAMILY = "1,2";
				WRAPPER_EXTENSION = app;
			};
			name = Release;
		};
		FD08013F18C7C26F00011351 /* Debug */ = {
			isa = XCBuildConfiguration;
			buildSettings = {
				BUNDLE_LOADER = "$(BUILT_PRODUCTS_DIR)/FirstSite.app/FirstSite";
				FRAMEWORK_SEARCH_PATHS = (
					"$(SDKROOT)/Developer/Library/Frameworks",
					"$(inherited)",
					"$(DEVELOPER_FRAMEWORKS_DIR)",
				);
				GCC_PRECOMPILE_PREFIX_HEADER = YES;
				GCC_PREFIX_HEADER = "FirstSite/FirstSite-Prefix.pch";
				GCC_PREPROCESSOR_DEFINITIONS = (
					"DEBUG=1",
					"$(inherited)",
				);
				INFOPLIST_FILE = "FirstSiteTests/FirstSiteTests-Info.plist";
				PRODUCT_NAME = "$(TARGET_NAME)";
				TEST_HOST = "$(BUNDLE_LOADER)";
				WRAPPER_EXTENSION = xctest;
			};
			name = Debug;
		};
		FD08014018C7C26F00011351 /* Release */ = {
			isa = XCBuildConfiguration;
			buildSettings = {
				BUNDLE_LOADER = "$(BUILT_PRODUCTS_DIR)/FirstSite.app/FirstSite";
				FRAMEWORK_SEARCH_PATHS = (
					"$(SDKROOT)/Developer/Library/Frameworks",
					"$(inherited)",
					"$(DEVELOPER_FRAMEWORKS_DIR)",
				);
				GCC_PRECOMPILE_PREFIX_HEADER = YES;
				GCC_PREFIX_HEADER = "FirstSite/FirstSite-Prefix.pch";
				INFOPLIST_FILE = "FirstSiteTests/FirstSiteTests-Info.plist";
				PRODUCT_NAME = "$(TARGET_NAME)";
				TEST_HOST = "$(BUNDLE_LOADER)";
				WRAPPER_EXTENSION = xctest;
			};
			name = Release;
		};
/* End XCBuildConfiguration section */

/* Begin XCConfigurationList section */
		FD08010118C7C26E00011351 /* Build configuration list for PBXProject "FirstSite" */ = {
			isa = XCConfigurationList;
			buildConfigurations = (
				FD08013918C7C26F00011351 /* Debug */,
				FD08013A18C7C26F00011351 /* Release */,
			);
			defaultConfigurationIsVisible = 0;
			defaultConfigurationName = Release;
		};
		FD08013B18C7C26F00011351 /* Build configuration list for PBXNativeTarget "FirstSite" */ = {
			isa = XCConfigurationList;
			buildConfigurations = (
				FD08013C18C7C26F00011351 /* Debug */,
				FD08013D18C7C26F00011351 /* Release */,
			);
			defaultConfigurationIsVisible = 0;
			defaultConfigurationName = Release;
		};
		FD08013E18C7C26F00011351 /* Build configuration list for PBXNativeTarget "FirstSiteTests" */ = {
			isa = XCConfigurationList;
			buildConfigurations = (
				FD08013F18C7C26F00011351 /* Debug */,
				FD08014018C7C26F00011351 /* Release */,
			);
			defaultConfigurationIsVisible = 0;
			defaultConfigurationName = Release;
		};
/* End XCConfigurationList section */
	};
	rootObject = FD0800FE18C7C26E00011351 /* Project object */;
}
